
Microsoft Visual Studio Solution File, Format Version 11.00
# Visual Studio 2010
Project("{2150E333-8FDC-42A3-9474-1A3956D46DE8}") = "Solution Items", "Solution Items", "{C2FC02E9-25FE-469E-815E-3D8A479465B4}"
	ProjectSection(SolutionItems) = preProject
		GlobalAssemblyInfo.cs = GlobalAssemblyInfo.cs
	EndProjectSection
EndProject
Project("{FAE04EC0-301F-11D3-BF4B-00C04F79EFBC}") = "NCron", "NCron\NCron.csproj", "{31EB7758-6551-4FEE-A8A0-6B2449DD1DC7}"
EndProject
Project("{FAE04EC0-301F-11D3-BF4B-00C04F79EFBC}") = "NCron.Integration.log4net", "NCron.Integration.log4net\NCron.Integration.log4net.csproj", "{D907451F-6D89-40E0-8F0A-D6968647263C}"
EndProject
Project("{FAE04EC0-301F-11D3-BF4B-00C04F79EFBC}") = "NCron.Integration.Autofac", "NCron.Integration.Autofac\NCron.Integration.Autofac.csproj", "{12B87C51-B6A9-42C0-9E82-753FCE1D0EA7}"
EndProject
Project("{FAE04EC0-301F-11D3-BF4B-00C04F79EFBC}") = "Tests.NCron", "Tests.NCron\Tests.NCron.csproj", "{C5769DEB-C50A-4AAB-90E5-83FB7DEEBDBD}"
EndProject
Project("{FAE04EC0-301F-11D3-BF4B-00C04F79EFBC}") = "NCron.Integration.NLog", "NCron.Integration.NLog\NCron.Integration.NLog.csproj", "{DD07185B-00FA-4893-869C-A0E731F2E79F}"
EndProject
Global
	GlobalSection(SolutionConfigurationPlatforms) = preSolution
		Debug|Any CPU = Debug|Any CPU
		Debug|Mixed Platforms = Debug|Mixed Platforms
		Debug|x86 = Debug|x86
		Release|Any CPU = Release|Any CPU
		Release|Mixed Platforms = Release|Mixed Platforms
		Release|x86 = Release|x86
	EndGlobalSection
	GlobalSection(ProjectConfigurationPlatforms) = postSolution
		{31EB7758-6551-4FEE-A8A0-6B2449DD1DC7}.Debug|Any CPU.ActiveCfg = Debug|Any CPU
		{31EB7758-6551-4FEE-A8A0-6B2449DD1DC7}.Debug|Any CPU.Build.0 = Debug|Any CPU
		{31EB7758-6551-4FEE-A8A0-6B2449DD1DC7}.Debug|Mixed Platforms.ActiveCfg = Debug|Any CPU
		{31EB7758-6551-4FEE-A8A0-6B2449DD1DC7}.Debug|Mixed Platforms.Build.0 = Debug|Any CPU
		{31EB7758-6551-4FEE-A8A0-6B2449DD1DC7}.Debug|x86.ActiveCfg = Debug|Any CPU
		{31EB7758-6551-4FEE-A8A0-6B2449DD1DC7}.Release|Any CPU.ActiveCfg = Release|Any CPU
		{31EB7758-6551-4FEE-A8A0-6B2449DD1DC7}.Release|Any CPU.Build.0 = Release|Any CPU
		{31EB7758-6551-4FEE-A8A0-6B2449DD1DC7}.Release|Mixed Platforms.ActiveCfg = Release|Any CPU
		{31EB7758-6551-4FEE-A8A0-6B2449DD1DC7}.Release|Mixed Platforms.Build.0 = Release|Any CPU
		{31EB7758-6551-4FEE-A8A0-6B2449DD1DC7}.Release|x86.ActiveCfg = Release|Any CPU
		{D907451F-6D89-40E0-8F0A-D6968647263C}.Debug|Any CPU.ActiveCfg = Debug|Any CPU
		{D907451F-6D89-40E0-8F0A-D6968647263C}.Debug|Any CPU.Build.0 = Debug|Any CPU
		{D907451F-6D89-40E0-8F0A-D6968647263C}.Debug|Mixed Platforms.ActiveCfg = Debug|Any CPU
		{D907451F-6D89-40E0-8F0A-D6968647263C}.Debug|Mixed Platforms.Build.0 = Debug|Any CPU
		{D907451F-6D89-40E0-8F0A-D6968647263C}.Debug|x86.ActiveCfg = Debug|Any CPU
		{D907451F-6D89-40E0-8F0A-D6968647263C}.Release|Any CPU.ActiveCfg = Release|Any CPU
		{D907451F-6D89-40E0-8F0A-D6968647263C}.Release|Any CPU.Build.0 = Release|Any CPU
		{D907451F-6D89-40E0-8F0A-D6968647263C}.Release|Mixed Platforms.ActiveCfg = Release|Any CPU
		{D907451F-6D89-40E0-8F0A-D6968647263C}.Release|Mixed Platforms.Build.0 = Release|Any CPU
		{D907451F-6D89-40E0-8F0A-D6968647263C}.Release|x86.ActiveCfg = Release|Any CPU
		{12B87C51-B6A9-42C0-9E82-753FCE1D0EA7}.Debug|Any CPU.ActiveCfg = Debug|Any CPU
		{12B87C51-B6A9-42C0-9E82-753FCE1D0EA7}.Debug|Any CPU.Build.0 = Debug|Any CPU
		{12B87C51-B6A9-42C0-9E82-753FCE1D0EA7}.Debug|Mixed Platforms.ActiveCfg = Debug|Any CPU
		{12B87C51-B6A9-42C0-9E82-753FCE1D0EA7}.Debug|Mixed Platforms.Build.0 = Debug|Any CPU
		{12B87C51-B6A9-42C0-9E82-753FCE1D0EA7}.Debug|x86.ActiveCfg = Debug|Any CPU
		{12B87C51-B6A9-42C0-9E82-753FCE1D0EA7}.Release|Any CPU.ActiveCfg = Release|Any CPU
		{12B87C51-B6A9-42C0-9E82-753FCE1D0EA7}.Release|Any CPU.Build.0 = Release|Any CPU
		{12B87C51-B6A9-42C0-9E82-753FCE1D0EA7}.Release|Mixed Platforms.ActiveCfg = Release|Any CPU
		{12B87C51-B6A9-42C0-9E82-753FCE1D0EA7}.Release|Mixed Platforms.Build.0 = Release|Any CPU
		{12B87C51-B6A9-42C0-9E82-753FCE1D0EA7}.Release|x86.ActiveCfg = Release|Any CPU
		{C5769DEB-C50A-4AAB-90E5-83FB7DEEBDBD}.Debug|Any CPU.ActiveCfg = Debug|Any CPU
		{C5769DEB-C50A-4AAB-90E5-83FB7DEEBDBD}.Debug|Any CPU.Build.0 = Debug|Any CPU
		{C5769DEB-C50A-4AAB-90E5-83FB7DEEBDBD}.Debug|Mixed Platforms.ActiveCfg = Debug|Any CPU
		{C5769DEB-C50A-4AAB-90E5-83FB7DEEBDBD}.Debug|Mixed Platforms.Build.0 = Debug|Any CPU
		{C5769DEB-C50A-4AAB-90E5-83FB7DEEBDBD}.Debug|x86.ActiveCfg = Debug|Any CPU
		{C5769DEB-C50A-4AAB-90E5-83FB7DEEBDBD}.Release|Any CPU.ActiveCfg = Release|Any CPU
		{C5769DEB-C50A-4AAB-90E5-83FB7DEEBDBD}.Release|Any CPU.Build.0 = Release|Any CPU
		{C5769DEB-C50A-4AAB-90E5-83FB7DEEBDBD}.Release|Mixed Platforms.ActiveCfg = Release|Any CPU
		{C5769DEB-C50A-4AAB-90E5-83FB7DEEBDBD}.Release|Mixed Platforms.Build.0 = Release|Any CPU
		{C5769DEB-C50A-4AAB-90E5-83FB7DEEBDBD}.Release|x86.ActiveCfg = Release|Any CPU
		{DD07185B-00FA-4893-869C-A0E731F2E79F}.Debug|Any CPU.ActiveCfg = Debug|Any CPU
		{DD07185B-00FA-4893-869C-A0E731F2E79F}.Debug|Any CPU.Build.0 = Debug|Any CPU
		{DD07185B-00FA-4893-869C-A0E731F2E79F}.Debug|Mixed Platforms.ActiveCfg = Debug|Any CPU
		{DD07185B-00FA-4893-869C-A0E731F2E79F}.Debug|Mixed Platforms.Build.0 = Debug|Any CPU
		{DD07185B-00FA-4893-869C-A0E731F2E79F}.Debug|x86.ActiveCfg = Debug|Any CPU
		{DD07185B-00FA-4893-869C-A0E731F2E79F}.Release|Any CPU.ActiveCfg = Release|Any CPU
		{DD07185B-00FA-4893-869C-A0E731F2E79F}.Release|Any CPU.Build.0 = Release|Any CPU
		{DD07185B-00FA-4893-869C-A0E731F2E79F}.Release|Mixed Platforms.ActiveCfg = Release|Any CPU
		{DD07185B-00FA-4893-869C-A0E731F2E79F}.Release|Mixed Platforms.Build.0 = Release|Any CPU
		{DD07185B-00FA-4893-869C-A0E731F2E79F}.Release|x86.ActiveCfg = Release|Any CPU
	EndGlobalSection
	GlobalSection(SolutionProperties) = preSolution
		HideSolutionNode = FALSE
	EndGlobalSection
	GlobalSection(SubversionScc) = preSolution
		Svn-Managed = True
		Manager = AnkhSVN - Subversion Support for Visual Studio
	EndGlobalSection
EndGlobal
